
Microsoft Visual Studio Solution File, Format Version 12.00
# Visual Studio Version 17
VisualStudioVersion = 17.13.35605.110
MinimumVisualStudioVersion = 10.0.40219.1
Project("{FAE04EC0-301F-11D3-BF4B-00C04F79EFBC}") = "RM_Backupper", "RM_Backupper\RM_Backupper.csproj", "{16D5D086-7B74-4BF1-A2A2-AD2D04B2A1A0}"
EndProject
Project("{2150E333-8FDC-42A3-9474-1A3956D46DE8}") = "Elementi di soluzione", "Elementi di soluzione", "{5F267A72-6DFC-417B-AD21-3403F0B09861}"
	ProjectSection(SolutionItems) = preProject
		RM_Backupper\resources\RMBackupperIcon.ico = RM_Backupper\resources\RMBackupperIcon.ico
	EndProjectSection
EndProject
Global
	GlobalSection(SolutionConfigurationPlatforms) = preSolution
		Debug|Any CPU = Debug|Any CPU
		Release|Any CPU = Release|Any CPU
	EndGlobalSection
	GlobalSection(ProjectConfigurationPlatforms) = postSolution
		{16D5D086-7B74-4BF1-A2A2-AD2D04B2A1A0}.Debug|Any CPU.ActiveCfg = Debug|Any CPU
		{16D5D086-7B74-4BF1-A2A2-AD2D04B2A1A0}.Debug|Any CPU.Build.0 = Debug|Any CPU
		{16D5D086-7B74-4BF1-A2A2-AD2D04B2A1A0}.Release|Any CPU.ActiveCfg = Release|Any CPU
		{16D5D086-7B74-4BF1-A2A2-AD2D04B2A1A0}.Release|Any CPU.Build.0 = Release|Any CPU
	EndGlobalSection
	GlobalSection(SolutionProperties) = preSolution
		HideSolutionNode = FALSE
	EndGlobalSection
	GlobalSection(ExtensibilityGlobals) = postSolution
		SolutionGuid = {0818A7D5-4CAC-4B4F-95F1-37D5764907A3}
	EndGlobalSection
EndGlobal
